
Microsoft Visual Studio Solution File, Format Version 12.00
# Visual Studio 15
VisualStudioVersion = 15.0.27703.2026
MinimumVisualStudioVersion = 10.0.40219.1
Project("{9A19103F-16F7-4668-BE54-9A1E7A4F7556}") = "lab-survey-api", "lab-survey-api\lab-survey-api.csproj", "{C0972ECF-1004-4D8C-9084-7A572EE978A3}"
EndProject
Project("{2150E333-8FDC-42A3-9474-1A3956D46DE8}") = "SolutionFolder", "SolutionFolder", "{4AD0BB15-AE01-4486-BF00-B8AAC245BC56}"
	ProjectSection(SolutionItems) = preProject
		.gitignore = .gitignore
		docker-compose.yml = docker-compose.yml
	EndProjectSection
EndProject
Global
	GlobalSection(SolutionConfigurationPlatforms) = preSolution
		Debug|Any CPU = Debug|Any CPU
		Release|Any CPU = Release|Any CPU
	EndGlobalSection
	GlobalSection(ProjectConfigurationPlatforms) = postSolution
		{C0972ECF-1004-4D8C-9084-7A572EE978A3}.Debug|Any CPU.ActiveCfg = Debug|Any CPU
		{C0972ECF-1004-4D8C-9084-7A572EE978A3}.Debug|Any CPU.Build.0 = Debug|Any CPU
		{C0972ECF-1004-4D8C-9084-7A572EE978A3}.Release|Any CPU.ActiveCfg = Release|Any CPU
		{C0972ECF-1004-4D8C-9084-7A572EE978A3}.Release|Any CPU.Build.0 = Release|Any CPU
	EndGlobalSection
	GlobalSection(SolutionProperties) = preSolution
		HideSolutionNode = FALSE
	EndGlobalSection
	GlobalSection(ExtensibilityGlobals) = postSolution
		SolutionGuid = {6C3EF7BE-A817-49B1-AEE7-223C73076C73}
	EndGlobalSection
EndGlobal
